# This file is automatically @generated by Cargo.
# It is not intended for manual editing.
version = 4

[[package]]
name = "latent-app"
version = "0.1.0"
dependencies = [
 "latent-cpu",
 "latent-edit",
 "latent-export",
 "latent-image",
 "latent-pipeline",
 "latent-raw",
]

[[package]]
name = "latent-cpu"
version = "0.1.0"
dependencies = [
 "latent-edit",
 "latent-image",
 "latent-pipeline",
]

[[package]]
name = "latent-edit"
version = "0.1.0"
dependencies = [
 "latent-image",
]

[[package]]
name = "latent-export"
version = "0.1.0"
dependencies = [
 "latent-image",
]

[[package]]
name = "latent-image"
version = "0.1.0"

[[package]]
name = "latent-pipeline"
version = "0.1.0"
dependencies = [
 "latent-edit",
 "latent-image",
]

[[package]]
name = "latent-raw"
version = "0.1.0"
dependencies = [
 "latent-image",
]
